# This file is automatically @generated by Poetry 1.6.1 and should not be changed by hand.

[[package]]
name = "pgscatalog-calclib"
version = "0.1.0"
description = ""
optional = false
python-versions = "^3.11"
files = []
develop = false

[package.source]
type = "directory"
url = "../pgscatalog.calclib"

[[package]]
name = "pgscatalog-corelib"
version = "0.1.0"
description = ""
optional = false
python-versions = "^3.11"
files = []
develop = false

[package.source]
type = "directory"
url = "../pgscatalog.corelib"

[metadata]
lock-version = "2.0"
python-versions = "^3.11"
content-hash = "e4834ca6ea64ea66863d46f3b6809ec8f73e2a06eef7e8e690e48e26fff4d586"
